
Microsoft Visual Studio Solution File, Format Version 12.00
# Visual Studio 14
VisualStudioVersion = 14.0.25420.1
MinimumVisualStudioVersion = 10.0.40219.1
Project("{FAE04EC0-301F-11D3-BF4B-00C04F79EFBC}") = "ZebraPrinter", "ZebraPrinter\ZebraPrinter.csproj", "{69D7CAA8-DA25-47F3-B75B-70385D4CC76A}"
EndProject
Global
	GlobalSection(SolutionConfigurationPlatforms) = preSolution
		Debug|Any CPU = Debug|Any CPU
		Release|Any CPU = Release|Any CPU
	EndGlobalSection
	GlobalSection(ProjectConfigurationPlatforms) = postSolution
		{69D7CAA8-DA25-47F3-B75B-70385D4CC76A}.Debug|Any CPU.ActiveCfg = Debug|Any CPU
		{69D7CAA8-DA25-47F3-B75B-70385D4CC76A}.Debug|Any CPU.Build.0 = Debug|Any CPU
		{69D7CAA8-DA25-47F3-B75B-70385D4CC76A}.Release|Any CPU.ActiveCfg = Release|Any CPU
		{69D7CAA8-DA25-47F3-B75B-70385D4CC76A}.Release|Any CPU.Build.0 = Release|Any CPU
	EndGlobalSection
	GlobalSection(SolutionProperties) = preSolution
		HideSolutionNode = FALSE
	EndGlobalSection
EndGlobal
